
Microsoft Visual Studio Solution File, Format Version 12.00
# Visual Studio Version 17
VisualStudioVersion = 17.0.32112.339
MinimumVisualStudioVersion = 10.0.40219.1
Project("{FAE04EC0-301F-11D3-BF4B-00C04F79EFBC}") = "Tank Combat", "Tank Combat\Tank Combat.csproj", "{189F5752-B82B-4A1A-9977-EB8EB84A5192}"
EndProject
Global
	GlobalSection(SolutionConfigurationPlatforms) = preSolution
		Debug|Any CPU = Debug|Any CPU
		Release|Any CPU = Release|Any CPU
	EndGlobalSection
	GlobalSection(ProjectConfigurationPlatforms) = postSolution
		{189F5752-B82B-4A1A-9977-EB8EB84A5192}.Debug|Any CPU.ActiveCfg = Debug|Any CPU
		{189F5752-B82B-4A1A-9977-EB8EB84A5192}.Debug|Any CPU.Build.0 = Debug|Any CPU
		{189F5752-B82B-4A1A-9977-EB8EB84A5192}.Release|Any CPU.ActiveCfg = Release|Any CPU
		{189F5752-B82B-4A1A-9977-EB8EB84A5192}.Release|Any CPU.Build.0 = Release|Any CPU
	EndGlobalSection
	GlobalSection(SolutionProperties) = preSolution
		HideSolutionNode = FALSE
	EndGlobalSection
	GlobalSection(ExtensibilityGlobals) = postSolution
		SolutionGuid = {DA1B4A34-923A-4D38-8AB8-A0AE0B156576}
	EndGlobalSection
EndGlobal
